<?xml version="1.0" encoding="UTF-8"?>
<Scheme
   version = "1.3">
   <BuildAction>
      <BuildActionEntries>
         <BuildActionEntry
            buildForRunning = "YES">
            <BuildableReference
               BuildableIdentifier = "primary"
               BlueprintIdentifier = "F43F414A2020C72100FDC895"
               BuildableName = "FeedMyDog.app"
               BlueprintName = "FeedMyDog"
               ReferencedContainer = "container:FeedMyDog.xcodeproj">
            </BuildableReference>
         </BuildActionEntry>
      </BuildActionEntries>
   </BuildAction>
   <LaunchAction
      useCustomWorkingDirectory = "NO"
      buildConfiguration = "Debug">
      <BuildableProductRunnable>
         <BuildableReference
            BuildableIdentifier = "primary"
            BlueprintIdentifier = "F43F414A2020C72100FDC895"
            BuildableName = "FeedMyDog.app"
            BlueprintName = "FeedMyDog"
            ReferencedContainer = "container:FeedMyDog.xcodeproj">
         </BuildableReference>
      </BuildableProductRunnable>
   </LaunchAction>
</Scheme>
